
Microsoft Visual Studio Solution File, Format Version 12.00
# Visual Studio 15
VisualStudioVersion = 15.0.27428.2037
MinimumVisualStudioVersion = 10.0.40219.1
Project("{FAE04EC0-301F-11D3-BF4B-00C04F79EFBC}") = "AutomationTestingNation", "AutomationTestingNation\AutomationTestingNation.csproj", "{301D6D8B-E542-4CD6-A1EB-B3CEA24B0C93}"
EndProject
Project("{FAE04EC0-301F-11D3-BF4B-00C04F79EFBC}") = "BeforeBasePage", "BeforeBasePage\BeforeBasePage.csproj", "{913665FC-F9F2-4704-9CF1-28ABBC20EDCF}"
EndProject
Global
	GlobalSection(SolutionConfigurationPlatforms) = preSolution
		Debug|Any CPU = Debug|Any CPU
		Release|Any CPU = Release|Any CPU
	EndGlobalSection
	GlobalSection(ProjectConfigurationPlatforms) = postSolution
		{301D6D8B-E542-4CD6-A1EB-B3CEA24B0C93}.Debug|Any CPU.ActiveCfg = Debug|Any CPU
		{301D6D8B-E542-4CD6-A1EB-B3CEA24B0C93}.Debug|Any CPU.Build.0 = Debug|Any CPU
		{301D6D8B-E542-4CD6-A1EB-B3CEA24B0C93}.Release|Any CPU.ActiveCfg = Release|Any CPU
		{301D6D8B-E542-4CD6-A1EB-B3CEA24B0C93}.Release|Any CPU.Build.0 = Release|Any CPU
		{913665FC-F9F2-4704-9CF1-28ABBC20EDCF}.Debug|Any CPU.ActiveCfg = Debug|Any CPU
		{913665FC-F9F2-4704-9CF1-28ABBC20EDCF}.Debug|Any CPU.Build.0 = Debug|Any CPU
		{913665FC-F9F2-4704-9CF1-28ABBC20EDCF}.Release|Any CPU.ActiveCfg = Release|Any CPU
		{913665FC-F9F2-4704-9CF1-28ABBC20EDCF}.Release|Any CPU.Build.0 = Release|Any CPU
	EndGlobalSection
	GlobalSection(SolutionProperties) = preSolution
		HideSolutionNode = FALSE
	EndGlobalSection
	GlobalSection(ExtensibilityGlobals) = postSolution
		SolutionGuid = {DB99E55E-71CE-4CA1-AC3E-F4E9221717BC}
	EndGlobalSection
EndGlobal
